
Microsoft Visual Studio Solution File, Format Version 11.00
# Visual Studio 2010
Project("{2150E333-8FDC-42A3-9474-1A3956D46DE8}") = "Core", "Core", "{6D07B359-9F79-4606-ABD6-532CAA281765}"
EndProject
Project("{8BC9CEB8-8B4A-11D0-8D11-00A0C91BC942}") = "BaseTypes", "Core\BaseTypes\BaseTypes.vcxproj", "{9706A061-AB63-4E59-8BC3-32E8CA0A84BE}"
EndProject
Project("{2150E333-8FDC-42A3-9474-1A3956D46DE8}") = "Externs", "Externs", "{754520DF-BDF1-4F1F-9405-81F10FAC4513}"
EndProject
Project("{2150E333-8FDC-42A3-9474-1A3956D46DE8}") = "Systems", "Systems", "{82FC0B31-5E36-41BF-82D8-35A63589DA5D}"
EndProject
Project("{8BC9CEB8-8B4A-11D0-8D11-00A0C91BC942}") = "OISB", "Externs\OISB\OISB.vcxproj", "{FF4B2C2F-C16E-456E-AC21-8BC057FB934D}"
EndProject
Project("{8BC9CEB8-8B4A-11D0-8D11-00A0C91BC942}") = "ProtocolBuffers", "Externs\ProtocolBuffers\ProtocolBuffers.vcxproj", "{F41DFBA4-70E7-4A5F-AD3B-4331B28EFBAE}"
EndProject
Project("{8BC9CEB8-8B4A-11D0-8D11-00A0C91BC942}") = "Framework", "Core\Framework\Framework.vcxproj", "{8BA876EE-8354-4A6F-9AFE-D9FDC278F0B1}"
EndProject
Project("{8BC9CEB8-8B4A-11D0-8D11-00A0C91BC942}") = "Interfaces", "Core\Interfaces\Interfaces.vcxproj", "{65C52D2E-B29F-4915-A712-235218F72850}"
EndProject
Project("{8BC9CEB8-8B4A-11D0-8D11-00A0C91BC942}") = "AudioSystem", "Systems\AudioSystem\AudioSystem.vcxproj", "{3003FFD3-4524-4935-B6F5-28C570B85F3C}"
EndProject
Project("{8BC9CEB8-8B4A-11D0-8D11-00A0C91BC942}") = "GeometrySystem", "Systems\GeometrySystem\GeometrySystem.vcxproj", "{0F40E080-5540-44D1-878A-71B8770FA243}"
EndProject
Project("{8BC9CEB8-8B4A-11D0-8D11-00A0C91BC942}") = "GraphicSystem", "Systems\GraphicSystem\GraphicSystem.vcxproj", "{32D0E392-D21E-458B-8EF2-B19C1D29001C}"
EndProject
Project("{8BC9CEB8-8B4A-11D0-8D11-00A0C91BC942}") = "InputSystem", "Systems\InputSystem\InputSystem.vcxproj", "{31EBF6A8-0ECC-4AFC-A03B-749B28F9AFCF}"
EndProject
Project("{8BC9CEB8-8B4A-11D0-8D11-00A0C91BC942}") = "NetworkSystem", "Systems\NetworkSystem\NetworkSystem.vcxproj", "{21748B09-868C-4C69-ABC4-F4B70F3BD50F}"
EndProject
Project("{8BC9CEB8-8B4A-11D0-8D11-00A0C91BC942}") = "PhysicSystem", "Systems\PhysicSystem\PhysicSystem.vcxproj", "{12F737A2-A0F2-4604-8D71-3EE63FA2BAB5}"
EndProject
Project("{2150E333-8FDC-42A3-9474-1A3956D46DE8}") = "Main", "Main", "{4834B3FA-4F5E-4866-AFE3-DCE879B335A8}"
EndProject
Project("{8BC9CEB8-8B4A-11D0-8D11-00A0C91BC942}") = "PagedGeometry", "Externs\PagedGeometry\PagedGeometry.vcxproj", "{1081DC8A-00C2-4745-B2DD-16E5272CB127}"
EndProject
Project("{8BC9CEB8-8B4A-11D0-8D11-00A0C91BC942}") = "SkyX", "Externs\SkyX\SkyX.vcxproj", "{0D5A401F-E162-4838-9592-B39B72C5C71A}"
EndProject
Project("{8BC9CEB8-8B4A-11D0-8D11-00A0C91BC942}") = "HelionClient", "Main\HelionClient\HelionClient.vcxproj", "{481553D8-1972-4E6B-B884-2DBB4C623D2E}"
EndProject
Global
	GlobalSection(SolutionConfigurationPlatforms) = preSolution
		Debug|Win32 = Debug|Win32
		Release|Win32 = Release|Win32
	EndGlobalSection
	GlobalSection(ProjectConfigurationPlatforms) = postSolution
		{9706A061-AB63-4E59-8BC3-32E8CA0A84BE}.Debug|Win32.ActiveCfg = Debug|Win32
		{9706A061-AB63-4E59-8BC3-32E8CA0A84BE}.Debug|Win32.Build.0 = Debug|Win32
		{9706A061-AB63-4E59-8BC3-32E8CA0A84BE}.Release|Win32.ActiveCfg = Release|Win32
		{9706A061-AB63-4E59-8BC3-32E8CA0A84BE}.Release|Win32.Build.0 = Release|Win32
		{FF4B2C2F-C16E-456E-AC21-8BC057FB934D}.Debug|Win32.ActiveCfg = Debug|Win32
		{FF4B2C2F-C16E-456E-AC21-8BC057FB934D}.Debug|Win32.Build.0 = Debug|Win32
		{FF4B2C2F-C16E-456E-AC21-8BC057FB934D}.Release|Win32.ActiveCfg = Release|Win32
		{FF4B2C2F-C16E-456E-AC21-8BC057FB934D}.Release|Win32.Build.0 = Release|Win32
		{F41DFBA4-70E7-4A5F-AD3B-4331B28EFBAE}.Debug|Win32.ActiveCfg = Debug|Win32
		{F41DFBA4-70E7-4A5F-AD3B-4331B28EFBAE}.Debug|Win32.Build.0 = Debug|Win32
		{F41DFBA4-70E7-4A5F-AD3B-4331B28EFBAE}.Release|Win32.ActiveCfg = Release|Win32
		{F41DFBA4-70E7-4A5F-AD3B-4331B28EFBAE}.Release|Win32.Build.0 = Release|Win32
		{8BA876EE-8354-4A6F-9AFE-D9FDC278F0B1}.Debug|Win32.ActiveCfg = Debug|Win32
		{8BA876EE-8354-4A6F-9AFE-D9FDC278F0B1}.Debug|Win32.Build.0 = Debug|Win32
		{8BA876EE-8354-4A6F-9AFE-D9FDC278F0B1}.Release|Win32.ActiveCfg = Release|Win32
		{8BA876EE-8354-4A6F-9AFE-D9FDC278F0B1}.Release|Win32.Build.0 = Release|Win32
		{65C52D2E-B29F-4915-A712-235218F72850}.Debug|Win32.ActiveCfg = Debug|Win32
		{65C52D2E-B29F-4915-A712-235218F72850}.Debug|Win32.Build.0 = Debug|Win32
		{65C52D2E-B29F-4915-A712-235218F72850}.Release|Win32.ActiveCfg = Release|Win32
		{65C52D2E-B29F-4915-A712-235218F72850}.Release|Win32.Build.0 = Release|Win32
		{3003FFD3-4524-4935-B6F5-28C570B85F3C}.Debug|Win32.ActiveCfg = Debug|Win32
		{3003FFD3-4524-4935-B6F5-28C570B85F3C}.Debug|Win32.Build.0 = Debug|Win32
		{3003FFD3-4524-4935-B6F5-28C570B85F3C}.Release|Win32.ActiveCfg = Release|Win32
		{3003FFD3-4524-4935-B6F5-28C570B85F3C}.Release|Win32.Build.0 = Release|Win32
		{0F40E080-5540-44D1-878A-71B8770FA243}.Debug|Win32.ActiveCfg = Debug|Win32
		{0F40E080-5540-44D1-878A-71B8770FA243}.Debug|Win32.Build.0 = Debug|Win32
		{0F40E080-5540-44D1-878A-71B8770FA243}.Release|Win32.ActiveCfg = Release|Win32
		{0F40E080-5540-44D1-878A-71B8770FA243}.Release|Win32.Build.0 = Release|Win32
		{32D0E392-D21E-458B-8EF2-B19C1D29001C}.Debug|Win32.ActiveCfg = Debug|Win32
		{32D0E392-D21E-458B-8EF2-B19C1D29001C}.Debug|Win32.Build.0 = Debug|Win32
		{32D0E392-D21E-458B-8EF2-B19C1D29001C}.Release|Win32.ActiveCfg = Release|Win32
		{32D0E392-D21E-458B-8EF2-B19C1D29001C}.Release|Win32.Build.0 = Release|Win32
		{31EBF6A8-0ECC-4AFC-A03B-749B28F9AFCF}.Debug|Win32.ActiveCfg = Debug|Win32
		{31EBF6A8-0ECC-4AFC-A03B-749B28F9AFCF}.Debug|Win32.Build.0 = Debug|Win32
		{31EBF6A8-0ECC-4AFC-A03B-749B28F9AFCF}.Release|Win32.ActiveCfg = Release|Win32
		{31EBF6A8-0ECC-4AFC-A03B-749B28F9AFCF}.Release|Win32.Build.0 = Release|Win32
		{21748B09-868C-4C69-ABC4-F4B70F3BD50F}.Debug|Win32.ActiveCfg = Debug|Win32
		{21748B09-868C-4C69-ABC4-F4B70F3BD50F}.Debug|Win32.Build.0 = Debug|Win32
		{21748B09-868C-4C69-ABC4-F4B70F3BD50F}.Release|Win32.ActiveCfg = Release|Win32
		{21748B09-868C-4C69-ABC4-F4B70F3BD50F}.Release|Win32.Build.0 = Release|Win32
		{12F737A2-A0F2-4604-8D71-3EE63FA2BAB5}.Debug|Win32.ActiveCfg = Debug|Win32
		{12F737A2-A0F2-4604-8D71-3EE63FA2BAB5}.Debug|Win32.Build.0 = Debug|Win32
		{12F737A2-A0F2-4604-8D71-3EE63FA2BAB5}.Release|Win32.ActiveCfg = Release|Win32
		{12F737A2-A0F2-4604-8D71-3EE63FA2BAB5}.Release|Win32.Build.0 = Release|Win32
		{1081DC8A-00C2-4745-B2DD-16E5272CB127}.Debug|Win32.ActiveCfg = Debug|Win32
		{1081DC8A-00C2-4745-B2DD-16E5272CB127}.Debug|Win32.Build.0 = Debug|Win32
		{1081DC8A-00C2-4745-B2DD-16E5272CB127}.Release|Win32.ActiveCfg = Release|Win32
		{1081DC8A-00C2-4745-B2DD-16E5272CB127}.Release|Win32.Build.0 = Release|Win32
		{0D5A401F-E162-4838-9592-B39B72C5C71A}.Debug|Win32.ActiveCfg = Debug|Win32
		{0D5A401F-E162-4838-9592-B39B72C5C71A}.Debug|Win32.Build.0 = Debug|Win32
		{0D5A401F-E162-4838-9592-B39B72C5C71A}.Release|Win32.ActiveCfg = Release|Win32
		{0D5A401F-E162-4838-9592-B39B72C5C71A}.Release|Win32.Build.0 = Release|Win32
		{481553D8-1972-4E6B-B884-2DBB4C623D2E}.Debug|Win32.ActiveCfg = Debug|Win32
		{481553D8-1972-4E6B-B884-2DBB4C623D2E}.Debug|Win32.Build.0 = Debug|Win32
		{481553D8-1972-4E6B-B884-2DBB4C623D2E}.Release|Win32.ActiveCfg = Release|Win32
		{481553D8-1972-4E6B-B884-2DBB4C623D2E}.Release|Win32.Build.0 = Release|Win32
	EndGlobalSection
	GlobalSection(SolutionProperties) = preSolution
		HideSolutionNode = FALSE
	EndGlobalSection
	GlobalSection(NestedProjects) = preSolution
		{9706A061-AB63-4E59-8BC3-32E8CA0A84BE} = {6D07B359-9F79-4606-ABD6-532CAA281765}
		{8BA876EE-8354-4A6F-9AFE-D9FDC278F0B1} = {6D07B359-9F79-4606-ABD6-532CAA281765}
		{65C52D2E-B29F-4915-A712-235218F72850} = {6D07B359-9F79-4606-ABD6-532CAA281765}
		{FF4B2C2F-C16E-456E-AC21-8BC057FB934D} = {754520DF-BDF1-4F1F-9405-81F10FAC4513}
		{F41DFBA4-70E7-4A5F-AD3B-4331B28EFBAE} = {754520DF-BDF1-4F1F-9405-81F10FAC4513}
		{1081DC8A-00C2-4745-B2DD-16E5272CB127} = {754520DF-BDF1-4F1F-9405-81F10FAC4513}
		{0D5A401F-E162-4838-9592-B39B72C5C71A} = {754520DF-BDF1-4F1F-9405-81F10FAC4513}
		{3003FFD3-4524-4935-B6F5-28C570B85F3C} = {82FC0B31-5E36-41BF-82D8-35A63589DA5D}
		{0F40E080-5540-44D1-878A-71B8770FA243} = {82FC0B31-5E36-41BF-82D8-35A63589DA5D}
		{32D0E392-D21E-458B-8EF2-B19C1D29001C} = {82FC0B31-5E36-41BF-82D8-35A63589DA5D}
		{31EBF6A8-0ECC-4AFC-A03B-749B28F9AFCF} = {82FC0B31-5E36-41BF-82D8-35A63589DA5D}
		{21748B09-868C-4C69-ABC4-F4B70F3BD50F} = {82FC0B31-5E36-41BF-82D8-35A63589DA5D}
		{12F737A2-A0F2-4604-8D71-3EE63FA2BAB5} = {82FC0B31-5E36-41BF-82D8-35A63589DA5D}
		{481553D8-1972-4E6B-B884-2DBB4C623D2E} = {4834B3FA-4F5E-4866-AFE3-DCE879B335A8}
	EndGlobalSection
EndGlobal
