<?xml version="1.0" encoding="utf-8"?>
<Project ToolsVersion="4.0" xmlns="http://schemas.microsoft.com/developer/msbuild/2003">
  <ItemGroup>
    <Filter Include="Fichiers sources">
      <UniqueIdentifier>{4FC737F1-C7A5-4376-A066-2A32D752A2FF}</UniqueIdentifier>
      <Extensions>cpp;c;cc;cxx;def;odl;idl;hpj;bat;asm;asmx</Extensions>
    </Filter>
    <Filter Include="Fichiers d%27en-tête">
      <UniqueIdentifier>{93995380-89BD-4b04-88EB-625FBE52EBFB}</UniqueIdentifier>
      <Extensions>h;hpp;hxx;hm;inl;inc;xsd</Extensions>
    </Filter>
    <Filter Include="Fichiers de ressources">
      <UniqueIdentifier>{67DA6AB6-F800-4c08-8B7A-83BB121AAD01}</UniqueIdentifier>
      <Extensions>rc;ico;cur;bmp;dlg;rc2;rct;bin;rgs;gif;jpg;jpeg;jpe;resx;tiff;tif;png;wav;mfcribbon-ms</Extensions>
    </Filter>
    <Filter Include="Fichiers d%27en-tête\Object">
      <UniqueIdentifier>{1d5d0bf6-4e29-48c1-bc2f-c62022968928}</UniqueIdentifier>
    </Filter>
    <Filter Include="Fichiers sources\Object">
      <UniqueIdentifier>{aa66ddf4-af5f-4d96-8765-0f2a90d018f2}</UniqueIdentifier>
    </Filter>
  </ItemGroup>
  <ItemGroup>
    <ClCompile Include="Source\GuiTask.cpp">
      <Filter>Fichiers sources</Filter>
    </ClCompile>
    <ClCompile Include="Source\GuiSystem.cpp">
      <Filter>Fichiers sources</Filter>
    </ClCompile>
    <ClCompile Include="Source\GuiScene.cpp">
      <Filter>Fichiers sources</Filter>
    </ClCompile>
    <ClCompile Include="Source\Main.cpp">
      <Filter>Fichiers sources</Filter>
    </ClCompile>
    <ClCompile Include="Source\Object\GuiMouseObject.cpp">
      <Filter>Fichiers sources\Object</Filter>
    </ClCompile>
    <ClCompile Include="Source\Object\GuiObject.cpp">
      <Filter>Fichiers sources\Object</Filter>
    </ClCompile>
  </ItemGroup>
  <ItemGroup>
    <ClInclude Include="Source\GuiTask.h">
      <Filter>Fichiers d%27en-tête</Filter>
    </ClInclude>
    <ClInclude Include="Source\GuiSystem.h">
      <Filter>Fichiers d%27en-tête</Filter>
    </ClInclude>
    <ClInclude Include="Source\GuiScene.h">
      <Filter>Fichiers d%27en-tête</Filter>
    </ClInclude>
    <ClInclude Include="Source\Object\GuiMouseObject.h">
      <Filter>Fichiers d%27en-tête\Object</Filter>
    </ClInclude>
    <ClInclude Include="Source\Object\GuiObject.h">
      <Filter>Fichiers d%27en-tête\Object</Filter>
    </ClInclude>
  </ItemGroup>
  <ItemGroup>
    <None Include="GuiSystem.def">
      <Filter>Fichiers de ressources</Filter>
    </None>
  </ItemGroup>
</Project>