<?xml version="1.0" encoding="utf-8"?>
<Project ToolsVersion="4.0" xmlns="http://schemas.microsoft.com/developer/msbuild/2003">
  <ItemGroup>
    <Filter Include="Fichiers sources">
      <UniqueIdentifier>{4FC737F1-C7A5-4376-A066-2A32D752A2FF}</UniqueIdentifier>
      <Extensions>cpp;c;cc;cxx;def;odl;idl;hpj;bat;asm;asmx</Extensions>
    </Filter>
    <Filter Include="Fichiers d%27en-tête">
      <UniqueIdentifier>{93995380-89BD-4b04-88EB-625FBE52EBFB}</UniqueIdentifier>
      <Extensions>h;hpp;hxx;hm;inl;inc;xsd</Extensions>
    </Filter>
    <Filter Include="Fichiers de ressources">
      <UniqueIdentifier>{67DA6AB6-F800-4c08-8B7A-83BB121AAD01}</UniqueIdentifier>
      <Extensions>rc;ico;cur;bmp;dlg;rc2;rct;bin;rgs;gif;jpg;jpeg;jpe;resx;tiff;tif;png;wav;mfcribbon-ms</Extensions>
    </Filter>
    <Filter Include="Fichiers d%27en-tête\Service">
      <UniqueIdentifier>{af7f7978-8204-40c3-be6b-9f871ff12af0}</UniqueIdentifier>
    </Filter>
    <Filter Include="Fichiers d%27en-tête\Object">
      <UniqueIdentifier>{89252bb3-e22e-4695-9b75-49cb69b31998}</UniqueIdentifier>
    </Filter>
    <Filter Include="Fichiers d%27en-tête\System">
      <UniqueIdentifier>{39a40d9a-7349-455a-b8a1-8bac09bd3f99}</UniqueIdentifier>
    </Filter>
    <Filter Include="Fichiers d%27en-tête\Observer">
      <UniqueIdentifier>{95dcc04b-9642-45ee-9f69-9bf65c329ffa}</UniqueIdentifier>
    </Filter>
    <Filter Include="Fichiers sources\Observer">
      <UniqueIdentifier>{4134b866-fff9-44af-ad83-116935af3d96}</UniqueIdentifier>
    </Filter>
    <Filter Include="Fichiers sources\System">
      <UniqueIdentifier>{875c76f9-0f11-4847-bdc4-acb612ed8850}</UniqueIdentifier>
    </Filter>
    <Filter Include="Fichiers d%27en-tête\Service\API">
      <UniqueIdentifier>{76ee7da2-b612-480b-a358-336b24efe3ff}</UniqueIdentifier>
    </Filter>
    <Filter Include="Fichiers d%27en-tête\Generic">
      <UniqueIdentifier>{0b94f7ac-b709-4d61-94e2-f02696d911cb}</UniqueIdentifier>
    </Filter>
    <Filter Include="Fichiers d%27en-tête\Property">
      <UniqueIdentifier>{87e4f91f-0e11-4f9c-94f2-6af00675af82}</UniqueIdentifier>
    </Filter>
    <Filter Include="Fichiers sources\Property">
      <UniqueIdentifier>{c2afee3c-94cb-4d5e-91b1-38ae7b361863}</UniqueIdentifier>
    </Filter>
  </ItemGroup>
  <ItemGroup>
    <ClCompile Include="Source\Property.cpp">
      <Filter>Fichiers sources</Filter>
    </ClCompile>
    <ClCompile Include="Source\Observer\CSubject.cpp">
      <Filter>Fichiers sources\Observer</Filter>
    </ClCompile>
    <ClCompile Include="Source\System\ISystemScene.cpp">
      <Filter>Fichiers sources\System</Filter>
    </ClCompile>
    <ClCompile Include="Source\System\ISystemSubject.cpp">
      <Filter>Fichiers sources\System</Filter>
    </ClCompile>
    <ClCompile Include="Source\System\ISystem.cpp">
      <Filter>Fichiers sources\System</Filter>
    </ClCompile>
    <ClCompile Include="Source\Property\IProperty.cpp">
      <Filter>Fichiers sources\Property</Filter>
    </ClCompile>
  </ItemGroup>
  <ItemGroup>
    <ClInclude Include="Source\Object\Graphic.h">
      <Filter>Fichiers d%27en-tête\Object</Filter>
    </ClInclude>
    <ClInclude Include="Source\Object\GUI.h">
      <Filter>Fichiers d%27en-tête\Object</Filter>
    </ClInclude>
    <ClInclude Include="Source\Object\Target.h">
      <Filter>Fichiers d%27en-tête\Object</Filter>
    </ClInclude>
    <ClInclude Include="Source\Interface.h">
      <Filter>Fichiers d%27en-tête</Filter>
    </ClInclude>
    <ClInclude Include="Source\Property.h">
      <Filter>Fichiers d%27en-tête</Filter>
    </ClInclude>
    <ClInclude Include="Source\System.h">
      <Filter>Fichiers d%27en-tête</Filter>
    </ClInclude>
    <ClInclude Include="Source\Object\IMoveObject.h">
      <Filter>Fichiers d%27en-tête\Object</Filter>
    </ClInclude>
    <ClInclude Include="Source\System\ISystemScene.h">
      <Filter>Fichiers d%27en-tête\System</Filter>
    </ClInclude>
    <ClInclude Include="Source\Observer\IObserver.h">
      <Filter>Fichiers d%27en-tête\Observer</Filter>
    </ClInclude>
    <ClInclude Include="Source\Observer\ISubject.h">
      <Filter>Fichiers d%27en-tête\Observer</Filter>
    </ClInclude>
    <ClInclude Include="Source\Observer\CSubject.h">
      <Filter>Fichiers d%27en-tête\Observer</Filter>
    </ClInclude>
    <ClInclude Include="Source\System\ISystemObject.h">
      <Filter>Fichiers d%27en-tête\System</Filter>
    </ClInclude>
    <ClInclude Include="Source\System\ISystemTask.h">
      <Filter>Fichiers d%27en-tête\System</Filter>
    </ClInclude>
    <ClInclude Include="Source\Object\IGeometryObject.h">
      <Filter>Fichiers d%27en-tête\Object</Filter>
    </ClInclude>
    <ClInclude Include="Source\System\ISystemSubject.h">
      <Filter>Fichiers d%27en-tête\System</Filter>
    </ClInclude>
    <ClInclude Include="Source\Service\API\Collision.h">
      <Filter>Fichiers d%27en-tête\Service\API</Filter>
    </ClInclude>
    <ClInclude Include="Source\Observer\IChangeManager.h">
      <Filter>Fichiers d%27en-tête\Service</Filter>
    </ClInclude>
    <ClInclude Include="Source\Service\IEnvironment.h">
      <Filter>Fichiers d%27en-tête\Service</Filter>
    </ClInclude>
    <ClInclude Include="Source\Service\IPlatform.h">
      <Filter>Fichiers d%27en-tête\Service</Filter>
    </ClInclude>
    <ClInclude Include="Source\Service\IService.h">
      <Filter>Fichiers d%27en-tête\Service</Filter>
    </ClInclude>
    <ClInclude Include="Source\Service\ITaskManager.h">
      <Filter>Fichiers d%27en-tête\Service</Filter>
    </ClInclude>
    <ClInclude Include="Source\Generic\IGenericScene.h">
      <Filter>Fichiers d%27en-tête\Generic</Filter>
    </ClInclude>
    <ClInclude Include="Source\System\ISystem.h">
      <Filter>Fichiers d%27en-tête\System</Filter>
    </ClInclude>
    <ClInclude Include="Source\Property\IProperty.h">
      <Filter>Fichiers d%27en-tête\Property</Filter>
    </ClInclude>
  </ItemGroup>
</Project>