<?xml version="1.0" encoding="utf-8"?>
<Project ToolsVersion="4.0" xmlns="http://schemas.microsoft.com/developer/msbuild/2003">
  <ItemGroup>
    <Filter Include="Fichiers sources">
      <UniqueIdentifier>{4FC737F1-C7A5-4376-A066-2A32D752A2FF}</UniqueIdentifier>
      <Extensions>cpp;c;cc;cxx;def;odl;idl;hpj;bat;asm;asmx</Extensions>
    </Filter>
    <Filter Include="Fichiers d%27en-tête">
      <UniqueIdentifier>{93995380-89BD-4b04-88EB-625FBE52EBFB}</UniqueIdentifier>
      <Extensions>h;hpp;hxx;hm;inl;inc;xsd</Extensions>
    </Filter>
    <Filter Include="Fichiers de ressources">
      <UniqueIdentifier>{67DA6AB6-F800-4c08-8B7A-83BB121AAD01}</UniqueIdentifier>
      <Extensions>rc;ico;cur;bmp;dlg;rc2;rct;bin;rgs;gif;jpg;jpeg;jpe;resx;tiff;tif;png;wav;mfcribbon-ms</Extensions>
    </Filter>
    <Filter Include="Fichiers sources\Object">
      <UniqueIdentifier>{009758f4-b25e-4b25-9571-233adf657414}</UniqueIdentifier>
    </Filter>
    <Filter Include="Fichiers sources\Shape">
      <UniqueIdentifier>{44228925-47a4-4c0f-b5d0-3477e31c3fa3}</UniqueIdentifier>
    </Filter>
    <Filter Include="Fichiers d%27en-tête\Object">
      <UniqueIdentifier>{be2dd07d-f412-4f40-960c-0aac6273d1d2}</UniqueIdentifier>
    </Filter>
    <Filter Include="Fichiers d%27en-tête\Shape">
      <UniqueIdentifier>{f24eb0a6-9374-45c7-a69b-74603d37b35e}</UniqueIdentifier>
    </Filter>
  </ItemGroup>
  <ItemGroup>
    <ClCompile Include="Source\Collision.cpp">
      <Filter>Fichiers sources</Filter>
    </ClCompile>
    <ClCompile Include="Source\PhysicSystem.cpp">
      <Filter>Fichiers sources</Filter>
    </ClCompile>
    <ClCompile Include="Source\Scene.cpp">
      <Filter>Fichiers sources</Filter>
    </ClCompile>
    <ClCompile Include="Source\System.cpp">
      <Filter>Fichiers sources</Filter>
    </ClCompile>
    <ClCompile Include="Source\Task.cpp">
      <Filter>Fichiers sources</Filter>
    </ClCompile>
    <ClCompile Include="Source\Shape\PhantomShape.cpp">
      <Filter>Fichiers sources\Shape</Filter>
    </ClCompile>
    <ClCompile Include="Source\Shape\TerrainShape.cpp">
      <Filter>Fichiers sources\Shape</Filter>
    </ClCompile>
    <ClCompile Include="Source\Object\Object.cpp">
      <Filter>Fichiers sources\Object</Filter>
    </ClCompile>
    <ClCompile Include="Source\Object\ObjectCharacter.cpp">
      <Filter>Fichiers sources\Object</Filter>
    </ClCompile>
    <ClCompile Include="Source\Object\ObjectPhysics.cpp">
      <Filter>Fichiers sources\Object</Filter>
    </ClCompile>
    <ClCompile Include="Source\Object\ObjectTerrain.cpp">
      <Filter>Fichiers sources\Object</Filter>
    </ClCompile>
  </ItemGroup>
  <ItemGroup>
    <ClInclude Include="Source\Collision.h">
      <Filter>Fichiers d%27en-tête</Filter>
    </ClInclude>
    <ClInclude Include="Source\Scene.h">
      <Filter>Fichiers d%27en-tête</Filter>
    </ClInclude>
    <ClInclude Include="Source\System.h">
      <Filter>Fichiers d%27en-tête</Filter>
    </ClInclude>
    <ClInclude Include="Source\Task.h">
      <Filter>Fichiers d%27en-tête</Filter>
    </ClInclude>
    <ClInclude Include="Source\Object\ObjectPhysics.h">
      <Filter>Fichiers d%27en-tête\Object</Filter>
    </ClInclude>
    <ClInclude Include="Source\Object\ObjectTerrain.h">
      <Filter>Fichiers d%27en-tête\Object</Filter>
    </ClInclude>
    <ClInclude Include="Source\Object\ObjectCharacter.h">
      <Filter>Fichiers d%27en-tête\Object</Filter>
    </ClInclude>
    <ClInclude Include="Source\Object\Object.h">
      <Filter>Fichiers d%27en-tête\Object</Filter>
    </ClInclude>
    <ClInclude Include="Source\Shape\TerrainShape.h">
      <Filter>Fichiers d%27en-tête\Shape</Filter>
    </ClInclude>
    <ClInclude Include="Source\Shape\PhantomShape.h">
      <Filter>Fichiers d%27en-tête\Shape</Filter>
    </ClInclude>
  </ItemGroup>
  <ItemGroup>
    <None Include="PhysicSystem.def">
      <Filter>Fichiers de ressources</Filter>
    </None>
  </ItemGroup>
</Project>