<?xml version="1.0" encoding="utf-8"?>
<Project ToolsVersion="4.0" xmlns="http://schemas.microsoft.com/developer/msbuild/2003">
  <ItemGroup>
    <Filter Include="Fichiers sources">
      <UniqueIdentifier>{4FC737F1-C7A5-4376-A066-2A32D752A2FF}</UniqueIdentifier>
      <Extensions>cpp;c;cc;cxx;def;odl;idl;hpj;bat;asm;asmx</Extensions>
    </Filter>
    <Filter Include="Fichiers d%27en-tête">
      <UniqueIdentifier>{93995380-89BD-4b04-88EB-625FBE52EBFB}</UniqueIdentifier>
      <Extensions>h;hpp;hxx;hm;inl;inc;xsd</Extensions>
    </Filter>
    <Filter Include="Fichiers de ressources">
      <UniqueIdentifier>{67DA6AB6-F800-4c08-8B7A-83BB121AAD01}</UniqueIdentifier>
      <Extensions>rc;ico;cur;bmp;dlg;rc2;rct;bin;rgs;gif;jpg;jpeg;jpe;resx;tiff;tif;png;wav;mfcribbon-ms</Extensions>
    </Filter>
    <Filter Include="Fichiers d%27en-tête\google">
      <UniqueIdentifier>{310cc68b-f4c5-434e-81dc-050cccf6a222}</UniqueIdentifier>
    </Filter>
    <Filter Include="Fichiers d%27en-tête\google\protobuf">
      <UniqueIdentifier>{03c1f2c5-cc3e-4a45-85f3-1fd43f806488}</UniqueIdentifier>
    </Filter>
    <Filter Include="Fichiers d%27en-tête\google\protobuf\io">
      <UniqueIdentifier>{d23440b4-895a-46e3-9b05-50dca060acd5}</UniqueIdentifier>
    </Filter>
    <Filter Include="Fichiers d%27en-tête\google\protobuf\compiler">
      <UniqueIdentifier>{00d35f12-6a86-4d21-9fc1-80476abfbd42}</UniqueIdentifier>
    </Filter>
    <Filter Include="Fichiers d%27en-tête\google\protobuf\stubs">
      <UniqueIdentifier>{bcfed6af-fca4-4c1b-b996-62938c233499}</UniqueIdentifier>
    </Filter>
    <Filter Include="Fichiers sources\google">
      <UniqueIdentifier>{3b309a65-92ef-4792-a953-ea5550fb07ae}</UniqueIdentifier>
    </Filter>
    <Filter Include="Fichiers sources\google\protobuf">
      <UniqueIdentifier>{883db68c-aee4-40b1-b0e6-0ede39e1ab6a}</UniqueIdentifier>
    </Filter>
    <Filter Include="Fichiers sources\google\protobuf\io">
      <UniqueIdentifier>{ae4e9d50-674a-4f49-80f1-9751ac2ce39d}</UniqueIdentifier>
    </Filter>
    <Filter Include="Fichiers sources\google\protobuf\compiler">
      <UniqueIdentifier>{69d975a4-e501-452a-858e-e5629de7a894}</UniqueIdentifier>
    </Filter>
    <Filter Include="Fichiers sources\google\protobuf\stubs">
      <UniqueIdentifier>{1c338cba-3d8e-44eb-b879-75e2786faec0}</UniqueIdentifier>
    </Filter>
  </ItemGroup>
  <ItemGroup>
    <ClInclude Include="Source\config.h">
      <Filter>Fichiers d%27en-tête</Filter>
    </ClInclude>
    <ClInclude Include="Source\google\protobuf\descriptor.h">
      <Filter>Fichiers d%27en-tête\google\protobuf</Filter>
    </ClInclude>
    <ClInclude Include="Source\google\protobuf\descriptor.pb.h">
      <Filter>Fichiers d%27en-tête\google\protobuf</Filter>
    </ClInclude>
    <ClInclude Include="Source\google\protobuf\descriptor_database.h">
      <Filter>Fichiers d%27en-tête\google\protobuf</Filter>
    </ClInclude>
    <ClInclude Include="Source\google\protobuf\dynamic_message.h">
      <Filter>Fichiers d%27en-tête\google\protobuf</Filter>
    </ClInclude>
    <ClInclude Include="Source\google\protobuf\extension_set.h">
      <Filter>Fichiers d%27en-tête\google\protobuf</Filter>
    </ClInclude>
    <ClInclude Include="Source\google\protobuf\generated_message_reflection.h">
      <Filter>Fichiers d%27en-tête\google\protobuf</Filter>
    </ClInclude>
    <ClInclude Include="Source\google\protobuf\generated_message_util.h">
      <Filter>Fichiers d%27en-tête\google\protobuf</Filter>
    </ClInclude>
    <ClInclude Include="Source\google\protobuf\message.h">
      <Filter>Fichiers d%27en-tête\google\protobuf</Filter>
    </ClInclude>
    <ClInclude Include="Source\google\protobuf\message_lite.h">
      <Filter>Fichiers d%27en-tête\google\protobuf</Filter>
    </ClInclude>
    <ClInclude Include="Source\google\protobuf\reflection_ops.h">
      <Filter>Fichiers d%27en-tête\google\protobuf</Filter>
    </ClInclude>
    <ClInclude Include="Source\google\protobuf\repeated_field.h">
      <Filter>Fichiers d%27en-tête\google\protobuf</Filter>
    </ClInclude>
    <ClInclude Include="Source\google\protobuf\service.h">
      <Filter>Fichiers d%27en-tête\google\protobuf</Filter>
    </ClInclude>
    <ClInclude Include="Source\google\protobuf\text_format.h">
      <Filter>Fichiers d%27en-tête\google\protobuf</Filter>
    </ClInclude>
    <ClInclude Include="Source\google\protobuf\unknown_field_set.h">
      <Filter>Fichiers d%27en-tête\google\protobuf</Filter>
    </ClInclude>
    <ClInclude Include="Source\google\protobuf\wire_format.h">
      <Filter>Fichiers d%27en-tête\google\protobuf</Filter>
    </ClInclude>
    <ClInclude Include="Source\google\protobuf\wire_format_lite.h">
      <Filter>Fichiers d%27en-tête\google\protobuf</Filter>
    </ClInclude>
    <ClInclude Include="Source\google\protobuf\wire_format_lite_inl.h">
      <Filter>Fichiers d%27en-tête\google\protobuf</Filter>
    </ClInclude>
    <ClInclude Include="Source\google\protobuf\compiler\importer.h">
      <Filter>Fichiers d%27en-tête\google\protobuf\compiler</Filter>
    </ClInclude>
    <ClInclude Include="Source\google\protobuf\compiler\parser.h">
      <Filter>Fichiers d%27en-tête\google\protobuf\compiler</Filter>
    </ClInclude>
    <ClInclude Include="Source\google\protobuf\io\coded_stream.h">
      <Filter>Fichiers d%27en-tête\google\protobuf\io</Filter>
    </ClInclude>
    <ClInclude Include="Source\google\protobuf\io\coded_stream_inl.h">
      <Filter>Fichiers d%27en-tête\google\protobuf\io</Filter>
    </ClInclude>
    <ClInclude Include="Source\google\protobuf\io\gzip_stream.h">
      <Filter>Fichiers d%27en-tête\google\protobuf\io</Filter>
    </ClInclude>
    <ClInclude Include="Source\google\protobuf\io\printer.h">
      <Filter>Fichiers d%27en-tête\google\protobuf\io</Filter>
    </ClInclude>
    <ClInclude Include="Source\google\protobuf\io\tokenizer.h">
      <Filter>Fichiers d%27en-tête\google\protobuf\io</Filter>
    </ClInclude>
    <ClInclude Include="Source\google\protobuf\io\zero_copy_stream_impl_lite.h">
      <Filter>Fichiers d%27en-tête\google\protobuf\io</Filter>
    </ClInclude>
    <ClInclude Include="Source\google\protobuf\io\zero_copy_stream.h">
      <Filter>Fichiers d%27en-tête\google\protobuf\io</Filter>
    </ClInclude>
    <ClInclude Include="Source\google\protobuf\io\zero_copy_stream_impl.h">
      <Filter>Fichiers d%27en-tête\google\protobuf\io</Filter>
    </ClInclude>
    <ClInclude Include="Source\google\protobuf\stubs\common.h">
      <Filter>Fichiers d%27en-tête\google\protobuf\stubs</Filter>
    </ClInclude>
    <ClInclude Include="Source\google\protobuf\stubs\hash.h">
      <Filter>Fichiers d%27en-tête\google\protobuf\stubs</Filter>
    </ClInclude>
    <ClInclude Include="Source\google\protobuf\stubs\map-util.h">
      <Filter>Fichiers d%27en-tête\google\protobuf\stubs</Filter>
    </ClInclude>
    <ClInclude Include="Source\google\protobuf\stubs\strutil.h">
      <Filter>Fichiers d%27en-tête\google\protobuf\stubs</Filter>
    </ClInclude>
    <ClInclude Include="Source\google\protobuf\stubs\substitute.h">
      <Filter>Fichiers d%27en-tête\google\protobuf\stubs</Filter>
    </ClInclude>
    <ClInclude Include="Source\google\protobuf\stubs\stl_util-inl.h">
      <Filter>Fichiers d%27en-tête\google\protobuf\stubs</Filter>
    </ClInclude>
    <ClInclude Include="Source\google\protobuf\stubs\once.h">
      <Filter>Fichiers d%27en-tête\google\protobuf\stubs</Filter>
    </ClInclude>
  </ItemGroup>
  <ItemGroup>
    <ClCompile Include="Source\google\protobuf\descriptor.cc">
      <Filter>Fichiers sources</Filter>
    </ClCompile>
    <ClCompile Include="Source\google\protobuf\wire_format_lite.cc">
      <Filter>Fichiers sources</Filter>
    </ClCompile>
    <ClCompile Include="Source\google\protobuf\descriptor.pb.cc">
      <Filter>Fichiers sources</Filter>
    </ClCompile>
    <ClCompile Include="Source\google\protobuf\descriptor_database.cc">
      <Filter>Fichiers sources</Filter>
    </ClCompile>
    <ClCompile Include="Source\google\protobuf\dynamic_message.cc">
      <Filter>Fichiers sources</Filter>
    </ClCompile>
    <ClCompile Include="Source\google\protobuf\extension_set.cc">
      <Filter>Fichiers sources</Filter>
    </ClCompile>
    <ClCompile Include="Source\google\protobuf\extension_set_heavy.cc">
      <Filter>Fichiers sources</Filter>
    </ClCompile>
    <ClCompile Include="Source\google\protobuf\generated_message_reflection.cc">
      <Filter>Fichiers sources</Filter>
    </ClCompile>
    <ClCompile Include="Source\google\protobuf\generated_message_util.cc">
      <Filter>Fichiers sources</Filter>
    </ClCompile>
    <ClCompile Include="Source\google\protobuf\message.cc">
      <Filter>Fichiers sources</Filter>
    </ClCompile>
    <ClCompile Include="Source\google\protobuf\message_lite.cc">
      <Filter>Fichiers sources</Filter>
    </ClCompile>
    <ClCompile Include="Source\google\protobuf\reflection_ops.cc">
      <Filter>Fichiers sources</Filter>
    </ClCompile>
    <ClCompile Include="Source\google\protobuf\repeated_field.cc">
      <Filter>Fichiers sources</Filter>
    </ClCompile>
    <ClCompile Include="Source\google\protobuf\service.cc">
      <Filter>Fichiers sources</Filter>
    </ClCompile>
    <ClCompile Include="Source\google\protobuf\text_format.cc">
      <Filter>Fichiers sources</Filter>
    </ClCompile>
    <ClCompile Include="Source\google\protobuf\unknown_field_set.cc">
      <Filter>Fichiers sources</Filter>
    </ClCompile>
    <ClCompile Include="Source\google\protobuf\wire_format.cc">
      <Filter>Fichiers sources</Filter>
    </ClCompile>
    <ClCompile Include="Source\google\protobuf\stubs\common.cc">
      <Filter>Fichiers sources\google\protobuf\stubs</Filter>
    </ClCompile>
    <ClCompile Include="Source\google\protobuf\stubs\substitute.cc">
      <Filter>Fichiers sources\google\protobuf\stubs</Filter>
    </ClCompile>
    <ClCompile Include="Source\google\protobuf\stubs\once.cc">
      <Filter>Fichiers sources\google\protobuf\stubs</Filter>
    </ClCompile>
    <ClCompile Include="Source\google\protobuf\stubs\structurally_valid.cc">
      <Filter>Fichiers sources\google\protobuf\stubs</Filter>
    </ClCompile>
    <ClCompile Include="Source\google\protobuf\stubs\strutil.cc">
      <Filter>Fichiers sources\google\protobuf\stubs</Filter>
    </ClCompile>
    <ClCompile Include="Source\google\protobuf\compiler\importer.cc">
      <Filter>Fichiers sources\google\protobuf\compiler</Filter>
    </ClCompile>
    <ClCompile Include="Source\google\protobuf\compiler\parser.cc">
      <Filter>Fichiers sources\google\protobuf\compiler</Filter>
    </ClCompile>
    <ClCompile Include="Source\google\protobuf\io\coded_stream.cc">
      <Filter>Fichiers sources\google\protobuf\io</Filter>
    </ClCompile>
    <ClCompile Include="Source\google\protobuf\io\zero_copy_stream_impl_lite.cc">
      <Filter>Fichiers sources\google\protobuf\io</Filter>
    </ClCompile>
    <ClCompile Include="Source\google\protobuf\io\gzip_stream.cc">
      <Filter>Fichiers sources\google\protobuf\io</Filter>
    </ClCompile>
    <ClCompile Include="Source\google\protobuf\io\printer.cc">
      <Filter>Fichiers sources\google\protobuf\io</Filter>
    </ClCompile>
    <ClCompile Include="Source\google\protobuf\io\tokenizer.cc">
      <Filter>Fichiers sources\google\protobuf\io</Filter>
    </ClCompile>
    <ClCompile Include="Source\google\protobuf\io\zero_copy_stream.cc">
      <Filter>Fichiers sources\google\protobuf\io</Filter>
    </ClCompile>
    <ClCompile Include="Source\google\protobuf\io\zero_copy_stream_impl.cc">
      <Filter>Fichiers sources\google\protobuf\io</Filter>
    </ClCompile>
  </ItemGroup>
</Project>