<?xml version="1.0" encoding="utf-8"?>
<Project ToolsVersion="4.0" xmlns="http://schemas.microsoft.com/developer/msbuild/2003">
  <ItemGroup>
    <Filter Include="Fichiers sources">
      <UniqueIdentifier>{4FC737F1-C7A5-4376-A066-2A32D752A2FF}</UniqueIdentifier>
      <Extensions>cpp;c;cc;cxx;def;odl;idl;hpj;bat;asm;asmx</Extensions>
    </Filter>
    <Filter Include="Fichiers d%27en-tête">
      <UniqueIdentifier>{93995380-89BD-4b04-88EB-625FBE52EBFB}</UniqueIdentifier>
      <Extensions>h;hpp;hxx;hm;inl;inc;xsd</Extensions>
    </Filter>
    <Filter Include="Fichiers de ressources">
      <UniqueIdentifier>{67DA6AB6-F800-4c08-8B7A-83BB121AAD01}</UniqueIdentifier>
      <Extensions>rc;ico;cur;bmp;dlg;rc2;rct;bin;rgs;gif;jpg;jpeg;jpe;resx;tiff;tif;png;wav;mfcribbon-ms</Extensions>
    </Filter>
    <Filter Include="Fichiers d%27en-tête\Object">
      <UniqueIdentifier>{6717b8c9-1f5d-4b97-99e0-3db6215e3287}</UniqueIdentifier>
    </Filter>
    <Filter Include="Fichiers d%27en-tête\MovableText">
      <UniqueIdentifier>{9ca260d9-3487-4be1-b662-a1c3ef1511cd}</UniqueIdentifier>
    </Filter>
    <Filter Include="Fichiers sources\Object">
      <UniqueIdentifier>{8c5e1dbc-0053-439c-89e1-d496f7c3b85d}</UniqueIdentifier>
    </Filter>
    <Filter Include="Fichiers sources\MovableText">
      <UniqueIdentifier>{eea23af2-b7a2-4664-b286-061ca69edf95}</UniqueIdentifier>
    </Filter>
    <Filter Include="Fichiers sources\Object\GUI">
      <UniqueIdentifier>{83c3c3ae-7bfa-4d18-b447-9f60750109d6}</UniqueIdentifier>
    </Filter>
    <Filter Include="Fichiers d%27en-tête\Object\GUI">
      <UniqueIdentifier>{43cefcff-044b-4977-8352-cc56b9876ad1}</UniqueIdentifier>
    </Filter>
    <Filter Include="Fichiers d%27en-tête\Object\GUI\Debug">
      <UniqueIdentifier>{e23670a4-2ac5-4a60-9e3c-504c373f9667}</UniqueIdentifier>
    </Filter>
    <Filter Include="Fichiers sources\Object\GUI\Debug">
      <UniqueIdentifier>{41dcf132-fec5-4814-86e5-69c563d7ee35}</UniqueIdentifier>
    </Filter>
  </ItemGroup>
  <ItemGroup>
    <ClCompile Include="Source\Task.cpp">
      <Filter>Fichiers sources</Filter>
    </ClCompile>
    <ClCompile Include="Source\System.cpp">
      <Filter>Fichiers sources</Filter>
    </ClCompile>
    <ClCompile Include="Source\Scene.cpp">
      <Filter>Fichiers sources</Filter>
    </ClCompile>
    <ClCompile Include="Source\GraphicSystem.cpp">
      <Filter>Fichiers sources</Filter>
    </ClCompile>
    <ClCompile Include="Source\Object\ObjectTerrain.cpp">
      <Filter>Fichiers sources\Object</Filter>
    </ClCompile>
    <ClCompile Include="Source\Object\ObjectSky.cpp">
      <Filter>Fichiers sources\Object</Filter>
    </ClCompile>
    <ClCompile Include="Source\Object\ObjectMesh.cpp">
      <Filter>Fichiers sources\Object</Filter>
    </ClCompile>
    <ClCompile Include="Source\Object\ObjectLight.cpp">
      <Filter>Fichiers sources\Object</Filter>
    </ClCompile>
    <ClCompile Include="Source\Object\ObjectCamera.cpp">
      <Filter>Fichiers sources\Object</Filter>
    </ClCompile>
    <ClCompile Include="Source\Object\Object.cpp">
      <Filter>Fichiers sources\Object</Filter>
    </ClCompile>
    <ClCompile Include="Source\MovableText\MovableText.cpp">
      <Filter>Fichiers sources\MovableText</Filter>
    </ClCompile>
    <ClCompile Include="Source\MovableText\DynamicRenderable.cpp">
      <Filter>Fichiers sources\MovableText</Filter>
    </ClCompile>
    <ClCompile Include="Source\MovableText\DynamicLines.cpp">
      <Filter>Fichiers sources\MovableText</Filter>
    </ClCompile>
    <ClCompile Include="Source\NormalizedLines.cpp">
      <Filter>Fichiers sources\MovableText</Filter>
    </ClCompile>
    <ClCompile Include="Source\Object\GUI\ObjectWindow.cpp">
      <Filter>Fichiers sources\Object\GUI</Filter>
    </ClCompile>
    <ClCompile Include="Source\Object\GUI\Debug\ObjectChart.cpp">
      <Filter>Fichiers sources\Object\GUI\Debug</Filter>
    </ClCompile>
    <ClCompile Include="Source\Object\GUI\Debug\ObjectCPUChart.cpp">
      <Filter>Fichiers sources\Object\GUI\Debug</Filter>
    </ClCompile>
    <ClCompile Include="Source\Object\GUI\Debug\ObjectStatWindow.cpp">
      <Filter>Fichiers sources\Object\GUI\Debug</Filter>
    </ClCompile>
    <ClCompile Include="Source\Object\GUI\Debug\ObjectWorkloadWindow.cpp">
      <Filter>Fichiers sources\Object\GUI\Debug</Filter>
    </ClCompile>
  </ItemGroup>
  <ItemGroup>
    <ClInclude Include="Source\Scene.h">
      <Filter>Fichiers d%27en-tête</Filter>
    </ClInclude>
    <ClInclude Include="Source\System.h">
      <Filter>Fichiers d%27en-tête</Filter>
    </ClInclude>
    <ClInclude Include="Source\Task.h">
      <Filter>Fichiers d%27en-tête</Filter>
    </ClInclude>
    <ClInclude Include="Source\Object\Object.h">
      <Filter>Fichiers d%27en-tête\Object</Filter>
    </ClInclude>
    <ClInclude Include="Source\Object\ObjectCamera.h">
      <Filter>Fichiers d%27en-tête\Object</Filter>
    </ClInclude>
    <ClInclude Include="Source\Object\ObjectLight.h">
      <Filter>Fichiers d%27en-tête\Object</Filter>
    </ClInclude>
    <ClInclude Include="Source\Object\ObjectMesh.h">
      <Filter>Fichiers d%27en-tête\Object</Filter>
    </ClInclude>
    <ClInclude Include="Source\Object\ObjectSky.h">
      <Filter>Fichiers d%27en-tête\Object</Filter>
    </ClInclude>
    <ClInclude Include="Source\Object\ObjectTerrain.h">
      <Filter>Fichiers d%27en-tête\Object</Filter>
    </ClInclude>
    <ClInclude Include="Source\MovableText\DynamicLines.h">
      <Filter>Fichiers d%27en-tête\MovableText</Filter>
    </ClInclude>
    <ClInclude Include="Source\MovableText\DynamicRenderable.h">
      <Filter>Fichiers d%27en-tête\MovableText</Filter>
    </ClInclude>
    <ClInclude Include="Source\MovableText\MovableText.h">
      <Filter>Fichiers d%27en-tête\MovableText</Filter>
    </ClInclude>
    <ClInclude Include="Source\NormalizedLines.h">
      <Filter>Fichiers d%27en-tête\MovableText</Filter>
    </ClInclude>
    <ClInclude Include="Source\Object\GUI\ObjectWindow.h">
      <Filter>Fichiers d%27en-tête\Object\GUI</Filter>
    </ClInclude>
    <ClInclude Include="Source\Object\GUI\Debug\ObjectWorkloadWindow.h">
      <Filter>Fichiers d%27en-tête\Object\GUI\Debug</Filter>
    </ClInclude>
    <ClInclude Include="Source\Object\GUI\Debug\ObjectStatWindow.h">
      <Filter>Fichiers d%27en-tête\Object\GUI\Debug</Filter>
    </ClInclude>
    <ClInclude Include="Source\Object\GUI\Debug\ObjectCPUChart.h">
      <Filter>Fichiers d%27en-tête\Object\GUI\Debug</Filter>
    </ClInclude>
    <ClInclude Include="Source\Object\GUI\Debug\ObjectChart.h">
      <Filter>Fichiers d%27en-tête\Object\GUI\Debug</Filter>
    </ClInclude>
  </ItemGroup>
  <ItemGroup>
    <None Include="GraphicSystem.def">
      <Filter>Fichiers de ressources</Filter>
    </None>
  </ItemGroup>
</Project>